
Microsoft Visual Studio Solution File, Format Version 12.00
# Visual Studio Version 17
VisualStudioVersion = 17.8.34330.188
MinimumVisualStudioVersion = 10.0.40219.1
Project("{8BC9CEB8-8B4A-11D0-8D11-00A0C91BC942}") = "MyTetris", "MyTetris\MyTetris.vcxproj", "{2856EAFA-0C8F-4670-98F6-56BDC9752985}"
EndProject
Global
	GlobalSection(SolutionConfigurationPlatforms) = preSolution
		Debug|x64 = Debug|x64
		Debug|x86 = Debug|x86
		Release|x64 = Release|x64
		Release|x86 = Release|x86
	EndGlobalSection
	GlobalSection(ProjectConfigurationPlatforms) = postSolution
		{2856EAFA-0C8F-4670-98F6-56BDC9752985}.Debug|x64.ActiveCfg = Debug|x64
		{2856EAFA-0C8F-4670-98F6-56BDC9752985}.Debug|x64.Build.0 = Debug|x64
		{2856EAFA-0C8F-4670-98F6-56BDC9752985}.Debug|x86.ActiveCfg = Debug|Win32
		{2856EAFA-0C8F-4670-98F6-56BDC9752985}.Debug|x86.Build.0 = Debug|Win32
		{2856EAFA-0C8F-4670-98F6-56BDC9752985}.Release|x64.ActiveCfg = Release|x64
		{2856EAFA-0C8F-4670-98F6-56BDC9752985}.Release|x64.Build.0 = Release|x64
		{2856EAFA-0C8F-4670-98F6-56BDC9752985}.Release|x86.ActiveCfg = Release|Win32
		{2856EAFA-0C8F-4670-98F6-56BDC9752985}.Release|x86.Build.0 = Release|Win32
	EndGlobalSection
	GlobalSection(SolutionProperties) = preSolution
		HideSolutionNode = FALSE
	EndGlobalSection
	GlobalSection(ExtensibilityGlobals) = postSolution
		SolutionGuid = {3D1B2C9D-9A6F-410B-9757-81447274EE8E}
	EndGlobalSection
EndGlobal
